
Microsoft Visual Studio Solution File, Format Version 12.00
# Visual Studio Version 17
VisualStudioVersion = 17.7.34202.233
MinimumVisualStudioVersion = 10.0.40219.1
Project("{FAE04EC0-301F-11D3-BF4B-00C04F79EFBC}") = "Vtest94", "Vtest94\Vtest94.csproj", "{D99F6398-4458-4F86-B0A3-30A4C3CEA463}"
EndProject
Global
	GlobalSection(SolutionConfigurationPlatforms) = preSolution
		Debug|Any CPU = Debug|Any CPU
		Release|Any CPU = Release|Any CPU
	EndGlobalSection
	GlobalSection(ProjectConfigurationPlatforms) = postSolution
		{D99F6398-4458-4F86-B0A3-30A4C3CEA463}.Debug|Any CPU.ActiveCfg = Debug|Any CPU
		{D99F6398-4458-4F86-B0A3-30A4C3CEA463}.Debug|Any CPU.Build.0 = Debug|Any CPU
		{D99F6398-4458-4F86-B0A3-30A4C3CEA463}.Release|Any CPU.ActiveCfg = Release|Any CPU
		{D99F6398-4458-4F86-B0A3-30A4C3CEA463}.Release|Any CPU.Build.0 = Release|Any CPU
	EndGlobalSection
	GlobalSection(SolutionProperties) = preSolution
		HideSolutionNode = FALSE
	EndGlobalSection
	GlobalSection(ExtensibilityGlobals) = postSolution
		SolutionGuid = {9B5B90BE-75A1-4A22-84F2-EA1810D25373}
	EndGlobalSection
EndGlobal
